
Microsoft Visual Studio Solution File, Format Version 12.00
# Visual Studio Version 17
VisualStudioVersion = 17.1.32210.238
MinimumVisualStudioVersion = 10.0.40219.1
Project("{FAE04EC0-301F-11D3-BF4B-00C04F79EFBC}") = "HealthPartners.FizzBuzz.Domain", "HealthPartners.FizzBuzz.Domain\HealthPartners.FizzBuzz.Domain.csproj", "{39279664-8AD7-4510-AD58-811F67B677D4}"
EndProject
Project("{FAE04EC0-301F-11D3-BF4B-00C04F79EFBC}") = "HealthPartners.FizzBuzz.ConsoleApplication", "HealthPartners.FizzBuzz.ConsoleApplication\HealthPartners.FizzBuzz.ConsoleApplication.csproj", "{BC329464-3E74-45A5-ADE1-2615395DEA76}"
EndProject
Project("{FAE04EC0-301F-11D3-BF4B-00C04F79EFBC}") = "HealthPartners.FizzBuzz.Domain.UnitTests", "HealthPartners.FizzBuzz.Domain.UnitTests\HealthPartners.FizzBuzz.Domain.UnitTests.csproj", "{A3D31522-F7FB-47CB-B950-0CD41BAF3EF3}"
EndProject
Global
	GlobalSection(SolutionConfigurationPlatforms) = preSolution
		Debug|Any CPU = Debug|Any CPU
		Release|Any CPU = Release|Any CPU
	EndGlobalSection
	GlobalSection(ProjectConfigurationPlatforms) = postSolution
		{39279664-8AD7-4510-AD58-811F67B677D4}.Debug|Any CPU.ActiveCfg = Debug|Any CPU
		{39279664-8AD7-4510-AD58-811F67B677D4}.Debug|Any CPU.Build.0 = Debug|Any CPU
		{39279664-8AD7-4510-AD58-811F67B677D4}.Release|Any CPU.ActiveCfg = Release|Any CPU
		{39279664-8AD7-4510-AD58-811F67B677D4}.Release|Any CPU.Build.0 = Release|Any CPU
		{BC329464-3E74-45A5-ADE1-2615395DEA76}.Debug|Any CPU.ActiveCfg = Debug|Any CPU
		{BC329464-3E74-45A5-ADE1-2615395DEA76}.Debug|Any CPU.Build.0 = Debug|Any CPU
		{BC329464-3E74-45A5-ADE1-2615395DEA76}.Release|Any CPU.ActiveCfg = Release|Any CPU
		{BC329464-3E74-45A5-ADE1-2615395DEA76}.Release|Any CPU.Build.0 = Release|Any CPU
		{A3D31522-F7FB-47CB-B950-0CD41BAF3EF3}.Debug|Any CPU.ActiveCfg = Debug|Any CPU
		{A3D31522-F7FB-47CB-B950-0CD41BAF3EF3}.Debug|Any CPU.Build.0 = Debug|Any CPU
		{A3D31522-F7FB-47CB-B950-0CD41BAF3EF3}.Release|Any CPU.ActiveCfg = Release|Any CPU
		{A3D31522-F7FB-47CB-B950-0CD41BAF3EF3}.Release|Any CPU.Build.0 = Release|Any CPU
	EndGlobalSection
	GlobalSection(SolutionProperties) = preSolution
		HideSolutionNode = FALSE
	EndGlobalSection
	GlobalSection(ExtensibilityGlobals) = postSolution
		SolutionGuid = {2D0F86DF-3AB6-4D42-A4D7-7EA3B791985A}
	EndGlobalSection
EndGlobal
